// !$*UTF8*$!
{
	archiveVersion = 1;
	classes = {
	};
	objectVersion = 48;
	objects = {

/* Begin PBXBuildFile section */
		4570BEC41FCFEEFF001D3EA5 /* AppDelegate.m in Sources */ = {isa = PBXBuildFile; fileRef = 4570BEC31FCFEEFF001D3EA5 /* AppDelegate.m */; };
		4570BEC71FCFEEFF001D3EA5 /* ViewController.m in Sources */ = {isa = PBXBuildFile; fileRef = 4570BEC61FCFEEFF001D3EA5 /* ViewController.m */; };
		4570BECA1FCFEEFF001D3EA5 /* Main.storyboard in Resources */ = {isa = PBXBuildFile; fileRef = 4570BEC81FCFEEFF001D3EA5 /* Main.storyboard */; };
		4570BECC1FCFEEFF001D3EA5 /* Assets.xcassets in Resources */ = {isa = PBXBuildFile; fileRef = 4570BECB1FCFEEFF001D3EA5 /* Assets.xcassets */; };
		4570BECF1FCFEEFF001D3EA5 /* LaunchScreen.storyboard in Resources */ = {isa = PBXBuildFile; fileRef = 4570BECD1FCFEEFF001D3EA5 /* LaunchScreen.storyboard */; };
		4570BED21FCFEEFF001D3EA5 /* main.m in Sources */ = {isa = PBXBuildFile; fileRef = 4570BED11FCFEEFF001D3EA5 /* main.m */; };
		4570BEDC1FCFEEFF001D3EA5 /* H5DemoTests.m in Sources */ = {isa = PBXBuildFile; fileRef = 4570BEDB1FCFEEFF001D3EA5 /* H5DemoTests.m */; };
		4570BEE71FCFEEFF001D3EA5 /* H5DemoUITests.m in Sources */ = {isa = PBXBuildFile; fileRef = 4570BEE61FCFEEFF001D3EA5 /* H5DemoUITests.m */; };
/* End PBXBuildFile section */

/* Begin PBXContainerItemProxy section */
		4570BED81FCFEEFF001D3EA5 /* PBXContainerItemProxy */ = {
			isa = PBXContainerItemProxy;
			containerPortal = 4570BEB71FCFEEFF001D3EA5 /* Project object */;
			proxyType = 1;
			remoteGlobalIDString = 4570BEBE1FCFEEFF001D3EA5;
			remoteInfo = H5Demo;
		};
		4570BEE31FCFEEFF001D3EA5 /* PBXContainerItemProxy */ = {
			isa = PBXContainerItemProxy;
			containerPortal = 4570BEB71FCFEEFF001D3EA5 /* Project object */;
			proxyType = 1;
			remoteGlobalIDString = 4570BEBE1FCFEEFF001D3EA5;
			remoteInfo = H5Demo;
		};
/* End PBXContainerItemProxy section */

/* Begin PBXFileReference section */
		4570BEBF1FCFEEFF001D3EA5 /* H5Demo.app */ = {isa = PBXFileReference; explicitFileType = wrapper.application; includeInIndex = 0; path = H5Demo.app; sourceTree = BUILT_PRODUCTS_DIR; };
		4570BEC21FCFEEFF001D3EA5 /* AppDelegate.h */ = {isa = PBXFileReference; lastKnownFileType = sourcecode.c.h; path = AppDelegate.h; sourceTree = "<group>"; };
		4570BEC31FCFEEFF001D3EA5 /* AppDelegate.m */ = {isa = PBXFileReference; lastKnownFileType = sourcecode.c.objc; path = AppDelegate.m; sourceTree = "<group>"; };
		4570BEC51FCFEEFF001D3EA5 /* ViewController.h */ = {isa = PBXFileReference; lastKnownFileType = sourcecode.c.h; path = ViewController.h; sourceTree = "<group>"; };
		4570BEC61FCFEEFF001D3EA5 /* ViewController.m */ = {isa = PBXFileReference; lastKnownFileType = sourcecode.c.objc; path = ViewController.m; sourceTree = "<group>"; };
		4570BEC91FCFEEFF001D3EA5 /* Base */ = {isa = PBXFileReference; lastKnownFileType = file.storyboard; name = Base; path = Base.lproj/Main.storyboard; sourceTree = "<group>"; };
		4570BECB1FCFEEFF001D3EA5 /* Assets.xcassets */ = {isa = PBXFileReference; lastKnownFileType = folder.assetcatalog; path = Assets.xcassets; sourceTree = "<group>"; };
		4570BECE1FCFEEFF001D3EA5 /* Base */ = {isa = PBXFileReference; lastKnownFileType = file.storyboard; name = Base; path = Base.lproj/LaunchScreen.storyboard; sourceTree = "<group>"; };
		4570BED01FCFEEFF001D3EA5 /* Info.plist */ = {isa = PBXFileReference; lastKnownFileType = text.plist.xml; path = Info.plist; sourceTree = "<group>"; };
		4570BED11FCFEEFF001D3EA5 /* main.m */ = {isa = PBXFileReference; lastKnownFileType = sourcecode.c.objc; path = main.m; sourceTree = "<group>"; };
		4570BED71FCFEEFF001D3EA5 /* H5DemoTests.xctest */ = {isa = PBXFileReference; explicitFileType = wrapper.cfbundle; includeInIndex = 0; path = H5DemoTests.xctest; sourceTree = BUILT_PRODUCTS_DIR; };
		4570BEDB1FCFEEFF001D3EA5 /* H5DemoTests.m */ = {isa = PBXFileReference; lastKnownFileType = sourcecode.c.objc; path = H5DemoTests.m; sourceTree = "<group>"; };
		4570BEDD1FCFEEFF001D3EA5 /* Info.plist */ = {isa = PBXFileReference; lastKnownFileType = text.plist.xml; path = Info.plist; sourceTree = "<group>"; };
		4570BEE21FCFEEFF001D3EA5 /* H5DemoUITests.xctest */ = {isa = PBXFileReference; explicitFileType = wrapper.cfbundle; includeInIndex = 0; path = H5DemoUITests.xctest; sourceTree = BUILT_PRODUCTS_DIR; };
		4570BEE61FCFEEFF001D3EA5 /* H5DemoUITests.m */ = {isa = PBXFileReference; lastKnownFileType = sourcecode.c.objc; path = H5DemoUITests.m; sourceTree = "<group>"; };
		4570BEE81FCFEEFF001D3EA5 /* Info.plist */ = {isa = PBXFileReference; lastKnownFileType = text.plist.xml; path = Info.plist; sourceTree = "<group>"; };
/* End PBXFileReference section */

/* Begin PBXFrameworksBuildPhase section */
		4570BEBC1FCFEEFF001D3EA5 /* Frameworks */ = {
			isa = PBXFrameworksBuildPhase;
			buildActionMask = 2147483647;
			files = (
			);
			runOnlyForDeploymentPostprocessing = 0;
		};
		4570BED41FCFEEFF001D3EA5 /* Frameworks */ = {
			isa = PBXFrameworksBuildPhase;
			buildActionMask = 2147483647;
			files = (
			);
			runOnlyForDeploymentPostprocessing = 0;
		};
		4570BEDF1FCFEEFF001D3EA5 /* Frameworks */ = {
			isa = PBXFrameworksBuildPhase;
			buildActionMask = 2147483647;
			files = (
			);
			runOnlyForDeploymentPostprocessing = 0;
		};
/* End PBXFrameworksBuildPhase section */

/* Begin PBXGroup section */
		4570BEB61FCFEEFF001D3EA5 = {
			isa = PBXGroup;
			children = (
				4570BEC11FCFEEFF001D3EA5 /* H5Demo */,
				4570BEDA1FCFEEFF001D3EA5 /* H5DemoTests */,
				4570BEE51FCFEEFF001D3EA5 /* H5DemoUITests */,
				4570BEC01FCFEEFF001D3EA5 /* Products */,
			);
			sourceTree = "<group>";
		};
		4570BEC01FCFEEFF001D3EA5 /* Products */ = {
			isa = PBXGroup;
			children = (
				4570BEBF1FCFEEFF001D3EA5 /* H5Demo.app */,
				4570BED71FCFEEFF001D3EA5 /* H5DemoTests.xctest */,
				4570BEE21FCFEEFF001D3EA5 /* H5DemoUITests.xctest */,
			);
			name = Products;
			sourceTree = "<group>";
		};
		4570BEC11FCFEEFF001D3EA5 /* H5Demo */ = {
			isa = PBXGroup;
			children = (
				4570BEC21FCFEEFF001D3EA5 /* AppDelegate.h */,
				4570BEC31FCFEEFF001D3EA5 /* AppDelegate.m */,
				4570BEC51FCFEEFF001D3EA5 /* ViewController.h */,
				4570BEC61FCFEEFF001D3EA5 /* ViewController.m */,
				4570BEC81FCFEEFF001D3EA5 /* Main.storyboard */,
				4570BECB1FCFEEFF001D3EA5 /* Assets.xcassets */,
				4570BECD1FCFEEFF001D3EA5 /* LaunchScreen.storyboard */,
				4570BED01FCFEEFF001D3EA5 /* Info.plist */,
				4570BED11FCFEEFF001D3EA5 /* main.m */,
			);
			path = H5Demo;
			sourceTree = "<group>";
		};
		4570BEDA1FCFEEFF001D3EA5 /* H5DemoTests */ = {
			isa = PBXGroup;
			children = (
				4570BEDB1FCFEEFF001D3EA5 /* H5DemoTests.m */,
				4570BEDD1FCFEEFF001D3EA5 /* Info.plist */,
			);
			path = H5DemoTests;
			sourceTree = "<group>";
		};
		4570BEE51FCFEEFF001D3EA5 /* H5DemoUITests */ = {
			isa = PBXGroup;
			children = (
				4570BEE61FCFEEFF001D3EA5 /* H5DemoUITests.m */,
				4570BEE81FCFEEFF001D3EA5 /* Info.plist */,
			);
			path = H5DemoUITests;
			sourceTree = "<group>";
		};
/* End PBXGroup section */

/* Begin PBXNativeTarget section */
		4570BEBE1FCFEEFF001D3EA5 /* H5Demo */ = {
			isa = PBXNativeTarget;
			buildConfigurationList = 4570BEEB1FCFEEFF001D3EA5 /* Build configuration list for PBXNativeTarget "H5Demo" */;
			buildPhases = (
				4570BEBB1FCFEEFF001D3EA5 /* Sources */,
				4570BEBC1FCFEEFF001D3EA5 /* Frameworks */,
				4570BEBD1FCFEEFF001D3EA5 /* Resources */,
			);
			buildRules = (
			);
			dependencies = (
			);
			name = H5Demo;
			productName = H5Demo;
			productReference = 4570BEBF1FCFEEFF001D3EA5 /* H5Demo.app */;
			productType = "com.apple.product-type.application";
		};
		4570BED61FCFEEFF001D3EA5 /* H5DemoTests */ = {
			isa = PBXNativeTarget;
			buildConfigurationList = 4570BEEE1FCFEEFF001D3EA5 /* Build configuration list for PBXNativeTarget "H5DemoTests" */;
			buildPhases = (
				4570BED31FCFEEFF001D3EA5 /* Sources */,
				4570BED41FCFEEFF001D3EA5 /* Frameworks */,
				4570BED51FCFEEFF001D3EA5 /* Resources */,
			);
			buildRules = (
			);
			dependencies = (
				4570BED91FCFEEFF001D3EA5 /* PBXTargetDependency */,
			);
			name = H5DemoTests;
			productName = H5DemoTests;
			productReference = 4570BED71FCFEEFF001D3EA5 /* H5DemoTests.xctest */;
			productType = "com.apple.product-type.bundle.unit-test";
		};
		4570BEE11FCFEEFF001D3EA5 /* H5DemoUITests */ = {
			isa = PBXNativeTarget;
			buildConfigurationList = 4570BEF11FCFEEFF001D3EA5 /* Build configuration list for PBXNativeTarget "H5DemoUITests" */;
			buildPhases = (
				4570BEDE1FCFEEFF001D3EA5 /* Sources */,
				4570BEDF1FCFEEFF001D3EA5 /* Frameworks */,
				4570BEE01FCFEEFF001D3EA5 /* Resources */,
			);
			buildRules = (
			);
			dependencies = (
				4570BEE41FCFEEFF001D3EA5 /* PBXTargetDependency */,
			);
			name = H5DemoUITests;
			productName = H5DemoUITests;
			productReference = 4570BEE21FCFEEFF001D3EA5 /* H5DemoUITests.xctest */;
			productType = "com.apple.product-type.bundle.ui-testing";
		};
/* End PBXNativeTarget section */

/* Begin PBXProject section */
		4570BEB71FCFEEFF001D3EA5 /* Project object */ = {
			isa = PBXProject;
			attributes = {
				LastUpgradeCheck = 0910;
				ORGANIZATIONNAME = H5Demo;
				TargetAttributes = {
					4570BEBE1FCFEEFF001D3EA5 = {
						CreatedOnToolsVersion = 9.1;
						ProvisioningStyle = Automatic;
					};
					4570BED61FCFEEFF001D3EA5 = {
						CreatedOnToolsVersion = 9.1;
						ProvisioningStyle = Automatic;
						TestTargetID = 4570BEBE1FCFEEFF001D3EA5;
					};
					4570BEE11FCFEEFF001D3EA5 = {
						CreatedOnToolsVersion = 9.1;
						ProvisioningStyle = Automatic;
						TestTargetID = 4570BEBE1FCFEEFF001D3EA5;
					};
				};
			};
			buildConfigurationList = 4570BEBA1FCFEEFF001D3EA5 /* Build configuration list for PBXProject "H5Demo" */;
			compatibilityVersion = "Xcode 8.0";
			developmentRegion = en;
			hasScannedForEncodings = 0;
			knownRegions = (
				en,
				Base,
			);
			mainGroup = 4570BEB61FCFEEFF001D3EA5;
			productRefGroup = 4570BEC01FCFEEFF001D3EA5 /* Products */;
			projectDirPath = "";
			projectRoot = "";
			targets = (
				4570BEBE1FCFEEFF001D3EA5 /* H5Demo */,
				4570BED61FCFEEFF001D3EA5 /* H5DemoTests */,
				4570BEE11FCFEEFF001D3EA5 /* H5DemoUITests */,
			);
		};
/* End PBXProject section */

/* Begin PBXResourcesBuildPhase section */
		4570BEBD1FCFEEFF001D3EA5 /* Resources */ = {
			isa = PBXResourcesBuildPhase;
			buildActionMask = 2147483647;
			files = (
				4570BECF1FCFEEFF001D3EA5 /* LaunchScreen.storyboard in Resources */,
				4570BECC1FCFEEFF001D3EA5 /* Assets.xcassets in Resources */,
				4570BECA1FCFEEFF001D3EA5 /* Main.storyboard in Resources */,
			);
			runOnlyForDeploymentPostprocessing = 0;
		};
		4570BED51FCFEEFF001D3EA5 /* Resources */ = {
			isa = PBXResourcesBuildPhase;
			buildActionMask = 2147483647;
			files = (
			);
			runOnlyForDeploymentPostprocessing = 0;
		};
		4570BEE01FCFEEFF001D3EA5 /* Resources */ = {
			isa = PBXResourcesBuildPhase;
			buildActionMask = 2147483647;
			files = (
			);
			runOnlyForDeploymentPostprocessing = 0;
		};
/* End PBXResourcesBuildPhase section */

/* Begin PBXSourcesBuildPhase section */
		4570BEBB1FCFEEFF001D3EA5 /* Sources */ = {
			isa = PBXSourcesBuildPhase;
			buildActionMask = 2147483647;
			files = (
				4570BEC71FCFEEFF001D3EA5 /* ViewController.m in Sources */,
				4570BED21FCFEEFF001D3EA5 /* main.m in Sources */,
				4570BEC41FCFEEFF001D3EA5 /* AppDelegate.m in Sources */,
			);
			runOnlyForDeploymentPostprocessing = 0;
		};
		4570BED31FCFEEFF001D3EA5 /* Sources */ = {
			isa = PBXSourcesBuildPhase;
			buildActionMask = 2147483647;
			files = (
				4570BEDC1FCFEEFF001D3EA5 /* H5DemoTests.m in Sources */,
			);
			runOnlyForDeploymentPostprocessing = 0;
		};
		4570BEDE1FCFEEFF001D3EA5 /* Sources */ = {
			isa = PBXSourcesBuildPhase;
			buildActionMask = 2147483647;
			files = (
				4570BEE71FCFEEFF001D3EA5 /* H5DemoUITests.m in Sources */,
			);
			runOnlyForDeploymentPostprocessing = 0;
		};
/* End PBXSourcesBuildPhase section */

/* Begin PBXTargetDependency section */
		4570BED91FCFEEFF001D3EA5 /* PBXTargetDependency */ = {
			isa = PBXTargetDependency;
			target = 4570BEBE1FCFEEFF001D3EA5 /* H5Demo */;
			targetProxy = 4570BED81FCFEEFF001D3EA5 /* PBXContainerItemProxy */;
		};
		4570BEE41FCFEEFF001D3EA5 /* PBXTargetDependency */ = {
			isa = PBXTargetDependency;
			target = 4570BEBE1FCFEEFF001D3EA5 /* H5Demo */;
			targetProxy = 4570BEE31FCFEEFF001D3EA5 /* PBXContainerItemProxy */;
		};
/* End PBXTargetDependency section */

/* Begin PBXVariantGroup section */
		4570BEC81FCFEEFF001D3EA5 /* Main.storyboard */ = {
			isa = PBXVariantGroup;
			children = (
				4570BEC91FCFEEFF001D3EA5 /* Base */,
			);
			name = Main.storyboard;
			sourceTree = "<group>";
		};
		4570BECD1FCFEEFF001D3EA5 /* LaunchScreen.storyboard */ = {
			isa = PBXVariantGroup;
			children = (
				4570BECE1FCFEEFF001D3EA5 /* Base */,
			);
			name = LaunchScreen.storyboard;
			sourceTree = "<group>";
		};
/* End PBXVariantGroup section */

/* Begin XCBuildConfiguration section */
		4570BEE91FCFEEFF001D3EA5 /* Debug */ = {
			isa = XCBuildConfiguration;
			buildSettings = {
				ALWAYS_SEARCH_USER_PATHS = NO;
				CLANG_ANALYZER_NONNULL = YES;
				CLANG_ANALYZER_NUMBER_OBJECT_CONVERSION = YES_AGGRESSIVE;
				CLANG_CXX_LANGUAGE_STANDARD = "gnu++14";
				CLANG_CXX_LIBRARY = "libc++";
				CLANG_ENABLE_MODULES = YES;
				CLANG_ENABLE_OBJC_ARC = YES;
				CLANG_WARN_BLOCK_CAPTURE_AUTORELEASING = YES;
				CLANG_WARN_BOOL_CONVERSION = YES;
				CLANG_WARN_COMMA = YES;
				CLANG_WARN_CONSTANT_CONVERSION = YES;
				CLANG_WARN_DIRECT_OBJC_ISA_USAGE = YES_ERROR;
				CLANG_WARN_DOCUMENTATION_COMMENTS = YES;
				CLANG_WARN_EMPTY_BODY = YES;
				CLANG_WARN_ENUM_CONVERSION = YES;
				CLANG_WARN_INFINITE_RECURSION = YES;
				CLANG_WARN_INT_CONVERSION = YES;
				CLANG_WARN_NON_LITERAL_NULL_CONVERSION = YES;
				CLANG_WARN_OBJC_LITERAL_CONVERSION = YES;
				CLANG_WARN_OBJC_ROOT_CLASS = YES_ERROR;
				CLANG_WARN_RANGE_LOOP_ANALYSIS = YES;
				CLANG_WARN_STRICT_PROTOTYPES = YES;
				CLANG_WARN_SUSPICIOUS_MOVE = YES;
				CLANG_WARN_UNGUARDED_AVAILABILITY = YES_AGGRESSIVE;
				CLANG_WARN_UNREACHABLE_CODE = YES;
				CLANG_WARN__DUPLICATE_METHOD_MATCH = YES;
				CODE_SIGN_IDENTITY = "iPhone Developer";
				COPY_PHASE_STRIP = NO;
				DEBUG_INFORMATION_FORMAT = dwarf;
				ENABLE_STRICT_OBJC_MSGSEND = YES;
				ENABLE_TESTABILITY = YES;
				GCC_C_LANGUAGE_STANDARD = gnu11;
				GCC_DYNAMIC_NO_PIC = NO;
				GCC_NO_COMMON_BLOCKS = YES;
				GCC_OPTIMIZATION_LEVEL = 0;
				GCC_PREPROCESSOR_DEFINITIONS = (
					"DEBUG=1",
					"$(inherited)",
				);
				GCC_WARN_64_TO_32_BIT_CONVERSION = YES;
				GCC_WARN_ABOUT_RETURN_TYPE = YES_ERROR;
				GCC_WARN_UNDECLARED_SELECTOR = YES;
				GCC_WARN_UNINITIALIZED_AUTOS = YES_AGGRESSIVE;
				GCC_WARN_UNUSED_FUNCTION = YES;
				GCC_WARN_UNUSED_VARIABLE = YES;
				IPHONEOS_DEPLOYMENT_TARGET = 11.1;
				MTL_ENABLE_DEBUG_INFO = YES;
				ONLY_ACTIVE_ARCH = YES;
				SDKROOT = iphoneos;
			};
			name = Debug;
		};
		4570BEEA1FCFEEFF001D3EA5 /* Release */ = {
			isa = XCBuildConfiguration;
			buildSettings = {
				ALWAYS_SEARCH_USER_PATHS = NO;
				CLANG_ANALYZER_NONNULL = YES;
				CLANG_ANALYZER_NUMBER_OBJECT_CONVERSION = YES_AGGRESSIVE;
				CLANG_CXX_LANGUAGE_STANDARD = "gnu++14";
				CLANG_CXX_LIBRARY = "libc++";
				CLANG_ENABLE_MODULES = YES;
				CLANG_ENABLE_OBJC_ARC = YES;
				CLANG_WARN_BLOCK_CAPTURE_AUTORELEASING = YES;
				CLANG_WARN_BOOL_CONVERSION = YES;
				CLANG_WARN_COMMA = YES;
				CLANG_WARN_CONSTANT_CONVERSION = YES;
				CLANG_WARN_DIRECT_OBJC_ISA_USAGE = YES_ERROR;
				CLANG_WARN_DOCUMENTATION_COMMENTS = YES;
				CLANG_WARN_EMPTY_BODY = YES;
				CLANG_WARN_ENUM_CONVERSION = YES;
				CLANG_WARN_INFINITE_RECURSION = YES;
				CLANG_WARN_INT_CONVERSION = YES;
				CLANG_WARN_NON_LITERAL_NULL_CONVERSION = YES;
				CLANG_WARN_OBJC_LITERAL_CONVERSION = YES;
				CLANG_WARN_OBJC_ROOT_CLASS = YES_ERROR;
				CLANG_WARN_RANGE_LOOP_ANALYSIS = YES;
				CLANG_WARN_STRICT_PROTOTYPES = YES;
				CLANG_WARN_SUSPICIOUS_MOVE = YES;
				CLANG_WARN_UNGUARDED_AVAILABILITY = YES_AGGRESSIVE;
				CLANG_WARN_UNREACHABLE_CODE = YES;
				CLANG_WARN__DUPLICATE_METHOD_MATCH = YES;
				CODE_SIGN_IDENTITY = "iPhone Developer";
				COPY_PHASE_STRIP = NO;
				DEBUG_INFORMATION_FORMAT = "dwarf-with-dsym";
				ENABLE_NS_ASSERTIONS = NO;
				ENABLE_STRICT_OBJC_MSGSEND = YES;
				GCC_C_LANGUAGE_STANDARD = gnu11;
				GCC_NO_COMMON_BLOCKS = YES;
				GCC_WARN_64_TO_32_BIT_CONVERSION = YES;
				GCC_WARN_ABOUT_RETURN_TYPE = YES_ERROR;
				GCC_WARN_UNDECLARED_SELECTOR = YES;
				GCC_WARN_UNINITIALIZED_AUTOS = YES_AGGRESSIVE;
				GCC_WARN_UNUSED_FUNCTION = YES;
				GCC_WARN_UNUSED_VARIABLE = YES;
				IPHONEOS_DEPLOYMENT_TARGET = 11.1;
				MTL_ENABLE_DEBUG_INFO = NO;
				SDKROOT = iphoneos;
				VALIDATE_PRODUCT = YES;
			};
			name = Release;
		};
		4570BEEC1FCFEEFF001D3EA5 /* Debug */ = {
			isa = XCBuildConfiguration;
			buildSettings = {
				ASSETCATALOG_COMPILER_APPICON_NAME = AppIcon;
				CODE_SIGN_STYLE = Automatic;
				INFOPLIST_FILE = H5Demo/Info.plist;
				LD_RUNPATH_SEARCH_PATHS = "$(inherited) @executable_path/Frameworks";
				PRODUCT_BUNDLE_IDENTIFIER = com.H5Demo.a.H5Demo;
				PRODUCT_NAME = "$(TARGET_NAME)";
				TARGETED_DEVICE_FAMILY = "1,2";
			};
			name = Debug;
		};
		4570BEED1FCFEEFF001D3EA5 /* Release */ = {
			isa = XCBuildConfiguration;
			buildSettings = {
				ASSETCATALOG_COMPILER_APPICON_NAME = AppIcon;
				CODE_SIGN_STYLE = Automatic;
				INFOPLIST_FILE = H5Demo/Info.plist;
				LD_RUNPATH_SEARCH_PATHS = "$(inherited) @executable_path/Frameworks";
				PRODUCT_BUNDLE_IDENTIFIER = com.H5Demo.a.H5Demo;
				PRODUCT_NAME = "$(TARGET_NAME)";
				TARGETED_DEVICE_FAMILY = "1,2";
			};
			name = Release;
		};
		4570BEEF1FCFEEFF001D3EA5 /* Debug */ = {
			isa = XCBuildConfiguration;
			buildSettings = {
				BUNDLE_LOADER = "$(TEST_HOST)";
				CODE_SIGN_STYLE = Automatic;
				INFOPLIST_FILE = H5DemoTests/Info.plist;
				LD_RUNPATH_SEARCH_PATHS = "$(inherited) @executable_path/Frameworks @loader_path/Frameworks";
				PRODUCT_BUNDLE_IDENTIFIER = com.H5Demo.a.H5DemoTests;
				PRODUCT_NAME = "$(TARGET_NAME)";
				TARGETED_DEVICE_FAMILY = "1,2";
				TEST_HOST = "$(BUILT_PRODUCTS_DIR)/H5Demo.app/H5Demo";
			};
			name = Debug;
		};
		4570BEF01FCFEEFF001D3EA5 /* Release */ = {
			isa = XCBuildConfiguration;
			buildSettings = {
				BUNDLE_LOADER = "$(TEST_HOST)";
				CODE_SIGN_STYLE = Automatic;
				INFOPLIST_FILE = H5DemoTests/Info.plist;
				LD_RUNPATH_SEARCH_PATHS = "$(inherited) @executable_path/Frameworks @loader_path/Frameworks";
				PRODUCT_BUNDLE_IDENTIFIER = com.H5Demo.a.H5DemoTests;
				PRODUCT_NAME = "$(TARGET_NAME)";
				TARGETED_DEVICE_FAMILY = "1,2";
				TEST_HOST = "$(BUILT_PRODUCTS_DIR)/H5Demo.app/H5Demo";
			};
			name = Release;
		};
		4570BEF21FCFEEFF001D3EA5 /* Debug */ = {
			isa = XCBuildConfiguration;
			buildSettings = {
				CODE_SIGN_STYLE = Automatic;
				INFOPLIST_FILE = H5DemoUITests/Info.plist;
				LD_RUNPATH_SEARCH_PATHS = "$(inherited) @executable_path/Frameworks @loader_path/Frameworks";
				PRODUCT_BUNDLE_IDENTIFIER = com.H5Demo.a.H5DemoUITests;
				PRODUCT_NAME = "$(TARGET_NAME)";
				TARGETED_DEVICE_FAMILY = "1,2";
				TEST_TARGET_NAME = H5Demo;
			};
			name = Debug;
		};
		4570BEF31FCFEEFF001D3EA5 /* Release */ = {
			isa = XCBuildConfiguration;
			buildSettings = {
				CODE_SIGN_STYLE = Automatic;
				INFOPLIST_FILE = H5DemoUITests/Info.plist;
				LD_RUNPATH_SEARCH_PATHS = "$(inherited) @executable_path/Frameworks @loader_path/Frameworks";
				PRODUCT_BUNDLE_IDENTIFIER = com.H5Demo.a.H5DemoUITests;
				PRODUCT_NAME = "$(TARGET_NAME)";
				TARGETED_DEVICE_FAMILY = "1,2";
				TEST_TARGET_NAME = H5Demo;
			};
			name = Release;
		};
/* End XCBuildConfiguration section */

/* Begin XCConfigurationList section */
		4570BEBA1FCFEEFF001D3EA5 /* Build configuration list for PBXProject "H5Demo" */ = {
			isa = XCConfigurationList;
			buildConfigurations = (
				4570BEE91FCFEEFF001D3EA5 /* Debug */,
				4570BEEA1FCFEEFF001D3EA5 /* Release */,
			);
			defaultConfigurationIsVisible = 0;
			defaultConfigurationName = Release;
		};
		4570BEEB1FCFEEFF001D3EA5 /* Build configuration list for PBXNativeTarget "H5Demo" */ = {
			isa = XCConfigurationList;
			buildConfigurations = (
				4570BEEC1FCFEEFF001D3EA5 /* Debug */,
				4570BEED1FCFEEFF001D3EA5 /* Release */,
			);
			defaultConfigurationIsVisible = 0;
			defaultConfigurationName = Release;
		};
		4570BEEE1FCFEEFF001D3EA5 /* Build configuration list for PBXNativeTarget "H5DemoTests" */ = {
			isa = XCConfigurationList;
			buildConfigurations = (
				4570BEEF1FCFEEFF001D3EA5 /* Debug */,
				4570BEF01FCFEEFF001D3EA5 /* Release */,
			);
			defaultConfigurationIsVisible = 0;
			defaultConfigurationName = Release;
		};
		4570BEF11FCFEEFF001D3EA5 /* Build configuration list for PBXNativeTarget "H5DemoUITests" */ = {
			isa = XCConfigurationList;
			buildConfigurations = (
				4570BEF21FCFEEFF001D3EA5 /* Debug */,
				4570BEF31FCFEEFF001D3EA5 /* Release */,
			);
			defaultConfigurationIsVisible = 0;
			defaultConfigurationName = Release;
		};
/* End XCConfigurationList section */
	};
	rootObject = 4570BEB71FCFEEFF001D3EA5 /* Project object */;
}
